{
  "version": 4,
  "terraform_version": "1.5.6",
  "serial": 5,
  "lineage": "a1a58276-1f13-7ed2-193a-a19a0f25ed1a",
  "outputs": {
    "billing_account_name": {
      "value": "billingAccounts/016119-D50B7F-586A3A",
      "type": "string"
    }
  },
  "resources": [
    {
      "mode": "data",
      "type": "google_billing_account",
      "name": "acct",
      "provider": "provider[\"registry.terraform.io/hashicorp/google\"]",
      "instances": [
        {
          "schema_version": 0,
          "attributes": {
            "billing_account": null,
            "display_name": "MyBillingAcc",
            "id": "016119-D50B7F-586A3A",
            "lookup_projects": true,
            "name": "billingAccounts/016119-D50B7F-586A3A",
            "open": true,
            "project_ids": []
          },
          "sensitive_attributes": []
        }
      ]
    },
    {
      "mode": "managed",
      "type": "google_project",
      "name": "dev-terraform",
      "provider": "provider[\"registry.terraform.io/hashicorp/google\"]",
      "instances": [
        {
          "schema_version": 1,
          "attributes": {
            "auto_create_network": true,
            "billing_account": "016119-D50B7F-586A3A",
            "folder_id": null,
            "id": "projects/binkhmmpzhonaarr",
            "labels": null,
            "name": "dev-terraform",
            "number": "89872984039",
            "org_id": null,
            "project_id": "binkhmmpzhonaarr",
            "skip_delete": null,
            "timeouts": null
          },
          "sensitive_attributes": [
            [
              {
                "type": "get_attr",
                "value": "project_id"
              }
            ]
          ],
          "private": "eyJlMmJmYjczMC1lY2FhLTExZTYtOGY4OC0zNDM2M2JjN2M0YzAiOnsiY3JlYXRlIjo2MDAwMDAwMDAwMDAsImRlbGV0ZSI6NjAwMDAwMDAwMDAwLCJyZWFkIjo2MDAwMDAwMDAwMDAsInVwZGF0ZSI6NjAwMDAwMDAwMDAwfSwic2NoZW1hX3ZlcnNpb24iOiIxIn0=",
          "dependencies": [
            "data.google_billing_account.acct",
            "random_password.password"
          ]
        }
      ]
    },
    {
      "mode": "managed",
      "type": "null_resource",
      "name": "set-project",
      "provider": "provider[\"registry.terraform.io/hashicorp/null\"]",
      "instances": [
        {
          "schema_version": 0,
          "attributes": {
            "id": "3166818637103757521",
            "triggers": {
              "always_run": "2023-09-23T22:38:23Z"
            }
          },
          "sensitive_attributes": [],
          "dependencies": [
            "data.google_billing_account.acct",
            "google_project.dev-terraform",
            "random_password.password"
          ]
        }
      ]
    },
    {
      "mode": "managed",
      "type": "null_resource",
      "name": "unset-project",
      "provider": "provider[\"registry.terraform.io/hashicorp/null\"]",
      "instances": [
        {
          "schema_version": 0,
          "attributes": {
            "id": "5396393949266463880",
            "triggers": null
          },
          "sensitive_attributes": []
        }
      ]
    },
    {
      "mode": "managed",
      "type": "random_password",
      "name": "password",
      "provider": "provider[\"registry.terraform.io/hashicorp/random\"]",
      "instances": [
        {
          "schema_version": 3,
          "attributes": {
            "bcrypt_hash": "$2a$10$iTmiymP9GBiJnkzLxDR08.cEP4MFWLh3Cr7RfR/GGNPN85rNm0CFG",
            "id": "none",
            "keepers": null,
            "length": 16,
            "lower": true,
            "min_lower": 0,
            "min_numeric": 0,
            "min_special": 0,
            "min_upper": 0,
            "number": false,
            "numeric": false,
            "override_special": null,
            "result": "binkhmmpzhonaarr",
            "special": false,
            "upper": false
          },
          "sensitive_attributes": []
        }
      ]
    }
  ],
  "check_results": null
}
