{
  "version": 4,
  "terraform_version": "1.5.6",
  "serial": 66,
  "lineage": "8ffeab84-6beb-30d7-322d-e6685245af6d",
  "outputs": {
    "bucket_name": {
      "value": "f78c463da49c5de8-bucket-tfstate",
      "type": "string"
    },
    "database_user": {
      "value": "world-london",
      "type": "string"
    },
    "name_of_vpc": {
      "value": "gcp-vpc-london",
      "type": "string"
    },
    "target-pool-name": {
      "value": "gcp-target-london",
      "type": "string"
    },
    "vpc_id": {
      "value": "google_compute_network.vpc.id",
      "type": "string"
    }
  },
  "resources": [
    {
      "mode": "data",
      "type": "google_compute_image",
      "name": "centos_7",
      "provider": "provider[\"registry.terraform.io/hashicorp/google-beta\"]",
      "instances": [
        {
          "schema_version": 0,
          "attributes": {
            "archive_size_bytes": 3415303680,
            "creation_timestamp": "2023-09-12T17:13:04.909-07:00",
            "description": "CentOS, CentOS, 7, x86_64 built on 20230912",
            "disk_size_gb": 20,
            "family": "centos-7",
            "filter": null,
            "id": "projects/centos-cloud/global/images/centos-7-v20230912",
            "image_encryption_key_sha256": "",
            "image_id": "1481848142145863807",
            "label_fingerprint": "42WmSpB8rSM=",
            "labels": {},
            "licenses": [
              "https://www.googleapis.com/compute/beta/projects/centos-cloud/global/licenses/centos-7"
            ],
            "most_recent": false,
            "name": "centos-7-v20230912",
            "project": "centos-cloud",
            "self_link": "https://www.googleapis.com/compute/beta/projects/centos-cloud/global/images/centos-7-v20230912",
            "source_disk": "",
            "source_disk_encryption_key_sha256": "",
            "source_disk_id": "",
            "source_image_id": "",
            "status": "READY"
          },
          "sensitive_attributes": []
        }
      ]
    },
    {
      "mode": "managed",
      "type": "google_compute_autoscaler",
      "name": "asg",
      "provider": "provider[\"registry.terraform.io/hashicorp/google-beta\"]",
      "instances": []
    },
    {
      "mode": "managed",
      "type": "google_compute_firewall",
      "name": "allow-traffic",
      "provider": "provider[\"registry.terraform.io/hashicorp/google\"]",
      "instances": []
    },
    {
      "mode": "managed",
      "type": "google_compute_instance_group_manager",
      "name": "asg_instance",
      "provider": "provider[\"registry.terraform.io/hashicorp/google-beta\"]",
      "instances": []
    },
    {
      "mode": "managed",
      "type": "google_compute_instance_template",
      "name": "instance_template",
      "provider": "provider[\"registry.terraform.io/hashicorp/google-beta\"]",
      "instances": []
    },
    {
      "mode": "managed",
      "type": "google_compute_target_pool",
      "name": "target_pool",
      "provider": "provider[\"registry.terraform.io/hashicorp/google-beta\"]",
      "instances": [
        {
          "schema_version": 0,
          "attributes": {
            "backup_pool": "",
            "description": "",
            "failover_ratio": 0,
            "health_checks": null,
            "id": "projects/binkhmmpzhonaarr/regions/europe-west2/targetPools/gcp-target-london",
            "instances": [],
            "name": "gcp-target-london",
            "project": "binkhmmpzhonaarr",
            "region": "europe-west2",
            "security_policy": "",
            "self_link": "https://www.googleapis.com/compute/beta/projects/binkhmmpzhonaarr/regions/europe-west2/targetPools/gcp-target-london",
            "session_affinity": "NONE",
            "timeouts": null
          },
          "sensitive_attributes": [],
          "private": "eyJlMmJmYjczMC1lY2FhLTExZTYtOGY4OC0zNDM2M2JjN2M0YzAiOnsiY3JlYXRlIjoyNDAwMDAwMDAwMDAsImRlbGV0ZSI6MjQwMDAwMDAwMDAwLCJ1cGRhdGUiOjI0MDAwMDAwMDAwMH19"
        }
      ]
    },
    {
      "mode": "managed",
      "type": "google_sql_database_instance",
      "name": "instance",
      "provider": "provider[\"registry.terraform.io/hashicorp/google-beta\"]",
      "instances": [
        {
          "schema_version": 0,
          "attributes": {
            "available_maintenance_versions": [],
            "clone": [],
            "connection_name": "binkhmmpzhonaarr:europe-west2:wordpress-london",
            "database_version": "MYSQL_8_0",
            "deletion_protection": false,
            "dns_name": "",
            "encryption_key_name": null,
            "first_ip_address": "35.246.58.231",
            "id": "wordpress-london",
            "instance_type": "CLOUD_SQL_INSTANCE",
            "ip_address": [
              {
                "ip_address": "35.246.58.231",
                "time_to_retire": "",
                "type": "PRIMARY"
              }
            ],
            "maintenance_version": "MYSQL_8_0_31.R20230624.00_05",
            "master_instance_name": "",
            "name": "wordpress-london",
            "private_ip_address": "",
            "project": "binkhmmpzhonaarr",
            "psc_service_attachment_link": "",
            "public_ip_address": "35.246.58.231",
            "region": "europe-west2",
            "replica_configuration": [],
            "restore_backup_context": [],
            "root_password": "12345678",
            "self_link": "https://sqladmin.googleapis.com/sql/v1beta4/projects/binkhmmpzhonaarr/instances/wordpress-london",
            "server_ca_cert": [
              {
                "cert": "-----BEGIN CERTIFICATE-----\nMIIDfzCCAmegAwIBAgIBADANBgkqhkiG9w0BAQsFADB3MS0wKwYDVQQuEyQzMDRh\nMTdiMi0wOWE1LTRkMGItYTFkYi1lNjUzYWIyYjQzZTcxIzAhBgNVBAMTGkdvb2ds\nZSBDbG91ZCBTUUwgU2VydmVyIENBMRQwEgYDVQQKEwtHb29nbGUsIEluYzELMAkG\nA1UEBhMCVVMwHhcNMjMwOTI1MjIyNjU0WhcNMzMwOTIyMjIyNzU0WjB3MS0wKwYD\nVQQuEyQzMDRhMTdiMi0wOWE1LTRkMGItYTFkYi1lNjUzYWIyYjQzZTcxIzAhBgNV\nBAMTGkdvb2dsZSBDbG91ZCBTUUwgU2VydmVyIENBMRQwEgYDVQQKEwtHb29nbGUs\nIEluYzELMAkGA1UEBhMCVVMwggEiMA0GCSqGSIb3DQEBAQUAA4IBDwAwggEKAoIB\nAQDevGWKXhJUtS+S5jk/i3hzrFNQweUNguEF2zIDC2ziboICyFywSCTR1LQ6M04K\nOY3ZPWwSWkC22ZJtL6FfBbbsfswlNQdPUZKsCQB33oOWUMmWgXd9eawReaZUwAvY\nal0BpBgUrLWz040Losy0+LIiHE8/7bXlgk7RUBl3vi/+REg/m2tywPPjY/CBaPw0\nm1EPQ1vHjM50YYydzQvemUCLbgcHJALp2BTHZUo64QgH1TJzycQIcuuAlj9/CNQW\nSWfuKe8DqYSc8zT6k4kITzIWC4fzTNGjOh2nFh/Eoktetqzb08sueepmpBJVDdXw\n2FTdkHphMIHN+Q4endTKUzB9AgMBAAGjFjAUMBIGA1UdEwEB/wQIMAYBAf8CAQAw\nDQYJKoZIhvcNAQELBQADggEBAHEgNHubdiTmJoXwrwJUYfXnx5XzKCvkDnIl7jRW\nCiWP35/3+QcsFEcLdGa+MGvZT12YeEY+QEzyB9EyMISjM2lAApg08WF6seglfaFq\n0EFJtlQ6mnrt8VQWNZsy1Qsf0bpNBr5nwcBe4Kdk/zS9ruST4QtMXVTp9XhncsEx\nfavhQozjXwOO+2bEVooGjaXdhgaOCt0+RYdJasSRr5diarW+RFMUvs5+ZQLTU4lR\no+IYa3oLH1HKrzK3HEZe2203dcPzIa9XVD9lY4gD5BId9qoZYV50XLvwdLiq8sdG\nHvPhl+haZRpQ9+xUF7aFJ5BazLUoyFzCxR2y1GhfsUUzUyY=\n-----END CERTIFICATE-----",
                "common_name": "C=US,O=Google\\, Inc,CN=Google Cloud SQL Server CA,dnQualifier=304a17b2-09a5-4d0b-a1db-e653ab2b43e7",
                "create_time": "2023-09-25T22:26:54.529Z",
                "expiration_time": "2033-09-22T22:27:54.529Z",
                "sha1_fingerprint": "2077a0acd3fc671d1b2b3d36241cae0f3bb139f4"
              }
            ],
            "service_account_email_address": "p89872984039-lysbjf@gcp-sa-cloud-sql.iam.gserviceaccount.com",
            "settings": [
              {
                "activation_policy": "ALWAYS",
                "active_directory_config": [],
                "advanced_machine_features": [],
                "availability_type": "ZONAL",
                "backup_configuration": [
                  {
                    "backup_retention_settings": [
                      {
                        "retained_backups": 7,
                        "retention_unit": "COUNT"
                      }
                    ],
                    "binary_log_enabled": false,
                    "enabled": false,
                    "location": "",
                    "point_in_time_recovery_enabled": false,
                    "start_time": "15:00",
                    "transaction_log_retention_days": 7
                  }
                ],
                "collation": "",
                "connector_enforcement": "NOT_REQUIRED",
                "data_cache_config": [],
                "database_flags": [],
                "deletion_protection_enabled": false,
                "deny_maintenance_period": [],
                "disk_autoresize": true,
                "disk_autoresize_limit": 0,
                "disk_size": 10,
                "disk_type": "PD_SSD",
                "edition": "",
                "insights_config": [],
                "ip_configuration": [
                  {
                    "allocated_ip_range": "",
                    "authorized_networks": [
                      {
                        "expiration_time": "",
                        "name": "world-london",
                        "value": "0.0.0.0/0"
                      }
                    ],
                    "enable_private_path_for_google_cloud_services": false,
                    "ipv4_enabled": true,
                    "private_network": "",
                    "psc_config": [],
                    "require_ssl": false
                  }
                ],
                "location_preference": [
                  {
                    "follow_gae_application": "",
                    "secondary_zone": "",
                    "zone": "europe-west2-c"
                  }
                ],
                "maintenance_window": [],
                "password_validation_policy": [],
                "pricing_plan": "PER_USE",
                "sql_server_audit_config": [],
                "tier": "db-f1-micro",
                "time_zone": "",
                "user_labels": {},
                "version": 1
              }
            ],
            "timeouts": null
          },
          "sensitive_attributes": [],
          "private": "eyJlMmJmYjczMC1lY2FhLTExZTYtOGY4OC0zNDM2M2JjN2M0YzAiOnsiY3JlYXRlIjoyNDAwMDAwMDAwMDAwLCJkZWxldGUiOjE4MDAwMDAwMDAwMDAsInVwZGF0ZSI6MTgwMDAwMDAwMDAwMH19"
        }
      ]
    },
    {
      "mode": "managed",
      "type": "google_storage_bucket",
      "name": "default",
      "provider": "provider[\"registry.terraform.io/hashicorp/google\"]",
      "instances": [
        {
          "schema_version": 0,
          "attributes": {
            "cors": [],
            "default_event_based_hold": false,
            "encryption": [],
            "force_destroy": false,
            "id": "f78c463da49c5de8-bucket-tfstate",
            "labels": {},
            "lifecycle_rule": [],
            "location": "US",
            "logging": [],
            "name": "f78c463da49c5de8-bucket-tfstate",
            "project": "binkhmmpzhonaarr",
            "requester_pays": false,
            "retention_policy": [],
            "self_link": "https://www.googleapis.com/storage/v1/b/f78c463da49c5de8-bucket-tfstate",
            "storage_class": "STANDARD",
            "timeouts": null,
            "uniform_bucket_level_access": false,
            "url": "gs://f78c463da49c5de8-bucket-tfstate",
            "versioning": [
              {
                "enabled": true
              }
            ],
            "website": []
          },
          "sensitive_attributes": [],
          "private": "eyJlMmJmYjczMC1lY2FhLTExZTYtOGY4OC0zNDM2M2JjN2M0YzAiOnsiY3JlYXRlIjoyNDAwMDAwMDAwMDAsInJlYWQiOjI0MDAwMDAwMDAwMCwidXBkYXRlIjoyNDAwMDAwMDAwMDB9fQ==",
          "dependencies": [
            "random_id.bucket_prefix"
          ]
        }
      ]
    },
    {
      "mode": "managed",
      "type": "random_id",
      "name": "bucket_prefix",
      "provider": "provider[\"registry.terraform.io/hashicorp/random\"]",
      "instances": [
        {
          "schema_version": 0,
          "attributes": {
            "b64_std": "94xGPaScXeg=",
            "b64_url": "94xGPaScXeg",
            "byte_length": 8,
            "dec": "17837709454676352488",
            "hex": "f78c463da49c5de8",
            "id": "94xGPaScXeg",
            "keepers": null,
            "prefix": null
          },
          "sensitive_attributes": []
        }
      ]
    },
    {
      "module": "module.load_balancer",
      "mode": "managed",
      "type": "google_compute_firewall",
      "name": "default-lb-fw",
      "provider": "provider[\"registry.terraform.io/hashicorp/google\"]",
      "instances": []
    },
    {
      "module": "module.load_balancer",
      "mode": "managed",
      "type": "google_compute_forwarding_rule",
      "name": "default",
      "provider": "provider[\"registry.terraform.io/hashicorp/google\"]",
      "instances": []
    },
    {
      "module": "module.load_balancer",
      "mode": "managed",
      "type": "google_compute_target_pool",
      "name": "default",
      "provider": "provider[\"registry.terraform.io/hashicorp/google\"]",
      "instances": []
    }
  ],
  "check_results": null
}
